# This file is autogenerated, do not edit; changes may be undone by the next 'dep ensure'.


[[projects]]
  branch = "master"
  name = "github.com/ncw/swift"
  packages = ["."]
  revision = "9d3f812e23d270d1c66a9a01e20af1005061cdc4"

[[projects]]
  branch = "master"
  name = "github.com/sapcc/containers"
  packages = ["backup-tools/go-src/configuration","backup-tools/go-src/swiftcli","backup-tools/go-src/utils"]
  revision = "ac23d42000ef23cde2139aa2aefc75e9a36607c7"

[[projects]]
  branch = "master"
  name = "github.com/xtgo/set"
  packages = ["."]
  revision = "4431f6b51265b1e0b76af4dafc09d6f12c2bdcd0"

[[projects]]
  name = "gopkg.in/urfave/cli.v1"
  packages = ["."]
  revision = "cfb38830724cc34fedffe9a2a29fb54fa9169cd1"
  version = "v1.20.0"

[[projects]]
  branch = "v2"
  name = "gopkg.in/yaml.v2"
  packages = ["."]
  revision = "eb3733d160e74a9c7e442f435eb3bea458e1d19f"

[solve-meta]
  analyzer-name = "dep"
  analyzer-version = 1
  inputs-digest = "4e067eb4989d0138d7dc5298994f2c57375eddcafea8355fe5bc14d1afc418b7"
  solver-name = "gps-cdcl"
  solver-version = 1
